
Microsoft Visual Studio Solution File, Format Version 12.00
# Visual Studio Version 17
VisualStudioVersion = 17.8.34511.84
MinimumVisualStudioVersion = 10.0.40219.1
Project("{9A19103F-16F7-4668-BE54-9A1E7A4F7556}") = "YACCS", "src\YACCS\YACCS.csproj", "{27A75592-09DD-49B6-BDD9-3FF895B578D0}"
EndProject
Project("{9A19103F-16F7-4668-BE54-9A1E7A4F7556}") = "YACCS.Tests", "tests\YACCS.Tests\YACCS.Tests.csproj", "{D86D69CA-9443-40A8-B5B4-443B14796864}"
EndProject
Project("{9A19103F-16F7-4668-BE54-9A1E7A4F7556}") = "YACCS.Sample", "samples\YACCS.Sample\YACCS.Sample.csproj", "{0FBDBBDD-4758-4124-A42B-CAA97ABF7E70}"
EndProject
Project("{2150E333-8FDC-42A3-9474-1A3956D46DE8}") = "Tests", "Tests", "{10FCBB6D-D1B0-42FD-AF49-FF59687E09BD}"
EndProject
Project("{2150E333-8FDC-42A3-9474-1A3956D46DE8}") = "Samples", "Samples", "{FF5EA4AE-42BD-46D8-A72A-C35417C5066C}"
EndProject
Global
	GlobalSection(SolutionConfigurationPlatforms) = preSolution
		Debug|Any CPU = Debug|Any CPU
		Release|Any CPU = Release|Any CPU
	EndGlobalSection
	GlobalSection(ProjectConfigurationPlatforms) = postSolution
		{27A75592-09DD-49B6-BDD9-3FF895B578D0}.Debug|Any CPU.ActiveCfg = Debug|Any CPU
		{27A75592-09DD-49B6-BDD9-3FF895B578D0}.Debug|Any CPU.Build.0 = Debug|Any CPU
		{27A75592-09DD-49B6-BDD9-3FF895B578D0}.Release|Any CPU.ActiveCfg = Release|Any CPU
		{27A75592-09DD-49B6-BDD9-3FF895B578D0}.Release|Any CPU.Build.0 = Release|Any CPU
		{D86D69CA-9443-40A8-B5B4-443B14796864}.Debug|Any CPU.ActiveCfg = Debug|Any CPU
		{D86D69CA-9443-40A8-B5B4-443B14796864}.Debug|Any CPU.Build.0 = Debug|Any CPU
		{D86D69CA-9443-40A8-B5B4-443B14796864}.Release|Any CPU.ActiveCfg = Release|Any CPU
		{D86D69CA-9443-40A8-B5B4-443B14796864}.Release|Any CPU.Build.0 = Release|Any CPU
		{0FBDBBDD-4758-4124-A42B-CAA97ABF7E70}.Debug|Any CPU.ActiveCfg = Debug|Any CPU
		{0FBDBBDD-4758-4124-A42B-CAA97ABF7E70}.Debug|Any CPU.Build.0 = Debug|Any CPU
		{0FBDBBDD-4758-4124-A42B-CAA97ABF7E70}.Release|Any CPU.ActiveCfg = Release|Any CPU
		{0FBDBBDD-4758-4124-A42B-CAA97ABF7E70}.Release|Any CPU.Build.0 = Release|Any CPU
	EndGlobalSection
	GlobalSection(SolutionProperties) = preSolution
		HideSolutionNode = FALSE
	EndGlobalSection
	GlobalSection(NestedProjects) = preSolution
		{D86D69CA-9443-40A8-B5B4-443B14796864} = {10FCBB6D-D1B0-42FD-AF49-FF59687E09BD}
		{0FBDBBDD-4758-4124-A42B-CAA97ABF7E70} = {FF5EA4AE-42BD-46D8-A72A-C35417C5066C}
	EndGlobalSection
	GlobalSection(ExtensibilityGlobals) = postSolution
		SolutionGuid = {36DF2B61-7B58-40C6-AA2D-99DF4537B1EB}
	EndGlobalSection
EndGlobal
